
Microsoft Visual Studio Solution File, Format Version 12.00
# Visual Studio Version 16
VisualStudioVersion = 16.0.30804.86
MinimumVisualStudioVersion = 10.0.40219.1
Project("{FAE04EC0-301F-11D3-BF4B-00C04F79EFBC}") = "HelloWorld", "HelloWorld.csproj", "{1FECB043-CAFA-4A6A-8013-3CD017F4D27F}"
EndProject
Global
	GlobalSection(SolutionConfigurationPlatforms) = preSolution
		Debug|Any CPU = Debug|Any CPU
		Release|Any CPU = Release|Any CPU
	EndGlobalSection
	GlobalSection(ProjectConfigurationPlatforms) = postSolution
		{1FECB043-CAFA-4A6A-8013-3CD017F4D27F}.Debug|Any CPU.ActiveCfg = Debug|Any CPU
		{1FECB043-CAFA-4A6A-8013-3CD017F4D27F}.Debug|Any CPU.Build.0 = Debug|Any CPU
		{1FECB043-CAFA-4A6A-8013-3CD017F4D27F}.Release|Any CPU.ActiveCfg = Release|Any CPU
		{1FECB043-CAFA-4A6A-8013-3CD017F4D27F}.Release|Any CPU.Build.0 = Release|Any CPU
	EndGlobalSection
	GlobalSection(SolutionProperties) = preSolution
		HideSolutionNode = FALSE
	EndGlobalSection
	GlobalSection(ExtensibilityGlobals) = postSolution
		SolutionGuid = {B7AE1BDD-FE4E-41D8-9D82-B3AB0B884AE9}
	EndGlobalSection
EndGlobal
